{
  "name": "qlarius",
  "lockfileVersion": 3,
  "requires": true,
  "packages": {
    "": {
      "dependencies": {
        "phoenix": "^1.8.0",
        "phoenix_html": "^4.2.1",
        "phoenix_live_view": "^1.1.4"
      }
    },
    "node_modules/morphdom": {
      "version": "2.7.7",
      "resolved": "https://registry.npmjs.org/morphdom/-/morphdom-2.7.7.tgz",
      "integrity": "sha512-04GmsiBcalrSCNmzfo+UjU8tt3PhZJKzcOy+r1FlGA7/zri8wre3I1WkYN9PT3sIeIKfW9bpyElA+VzOg2E24g==",
      "license": "MIT"
    },
    "node_modules/phoenix": {
      "version": "1.8.0",
      "resolved": "https://registry.npmjs.org/phoenix/-/phoenix-1.8.0.tgz",
      "integrity": "sha512-hRBoaOuxQIGrN/JPbCYjC5Xkdz83sbkzBLT41lSROsQmkFUyE+w3ElhwaW4z/i2nkPtrLYoXyVunvntE6Zm1DA==",
      "license": "MIT"
    },
    "node_modules/phoenix_html": {
      "version": "4.2.1",
      "resolved": "https://registry.npmjs.org/phoenix_html/-/phoenix_html-4.2.1.tgz",
      "integrity": "sha512-jmxnnkPO8mo5Vw/ZAq9c3AUog9d/M8VoSjleNAvhClE5ynVZuv/m31asHRfqWrhzrZwEM4H+pHh3Br719nr2gw=="
    },
    "node_modules/phoenix_live_view": {
      "version": "1.1.4",
      "resolved": "https://registry.npmjs.org/phoenix_live_view/-/phoenix_live_view-1.1.4.tgz",
      "integrity": "sha512-Y7OSvZx7g0FNE7Jw0gfP9tNs89QLq9lbCRfAg9g6Sp6vf9znN8yk6/ZvY5zshge/RonJPcAXRWT46MUYZWlaKA==",
      "license": "MIT",
      "dependencies": {
        "morphdom": "2.7.7"
      }
    }
  }
}
