{
  "requires": true,
  "lockfileVersion": 1,
  "dependencies": {
    "daisyui": {
      "version": "5.0.32",
      "resolved": "https://registry.npmjs.org/daisyui/-/daisyui-5.0.32.tgz",
      "integrity": "sha512-fdcfLdyxApqX33tITX6M2YXeYsw+SARZi57dfo0OHB7ay8R5f6zZX2A5WITn6Gnx/Bvl+HEByXAVzFVFBsIrmA==",
      "dev": true
    }
  }
}
